
Microsoft Visual Studio Solution File, Format Version 12.00
# Visual Studio Version 17
VisualStudioVersion = 17.13.35806.99 d17.13
MinimumVisualStudioVersion = 10.0.40219.1
Project("{FAE04EC0-301F-11D3-BF4B-00C04F79EFBC}") = "tpmodul8_2311104078", "tpmodul8_2311104078\tpmodul8_2311104078.csproj", "{544D0343-1F17-4F2F-877D-F235B7D0A1D1}"
EndProject
Global
	GlobalSection(SolutionConfigurationPlatforms) = preSolution
		Debug|Any CPU = Debug|Any CPU
		Release|Any CPU = Release|Any CPU
	EndGlobalSection
	GlobalSection(ProjectConfigurationPlatforms) = postSolution
		{544D0343-1F17-4F2F-877D-F235B7D0A1D1}.Debug|Any CPU.ActiveCfg = Debug|Any CPU
		{544D0343-1F17-4F2F-877D-F235B7D0A1D1}.Debug|Any CPU.Build.0 = Debug|Any CPU
		{544D0343-1F17-4F2F-877D-F235B7D0A1D1}.Release|Any CPU.ActiveCfg = Release|Any CPU
		{544D0343-1F17-4F2F-877D-F235B7D0A1D1}.Release|Any CPU.Build.0 = Release|Any CPU
	EndGlobalSection
	GlobalSection(SolutionProperties) = preSolution
		HideSolutionNode = FALSE
	EndGlobalSection
	GlobalSection(ExtensibilityGlobals) = postSolution
		SolutionGuid = {83AEABA4-2799-4D3B-AC0A-6E52117F2689}
	EndGlobalSection
EndGlobal
